
Microsoft Visual Studio Solution File, Format Version 12.00
# Visual Studio Version 17
VisualStudioVersion = 17.0.31903.59
MinimumVisualStudioVersion = 10.0.40219.1
Project("{2150E333-8FDC-42A3-9474-1A3956D46DE8}") = "src", "src", "{827E0CD3-B72D-47B6-A68D-7590B98EB39B}"
EndProject
Project("{FAE04EC0-301F-11D3-BF4B-00C04F79EFBC}") = "Adapter.RestApi", "src\Adapter.RestApi\Adapter.RestApi.csproj", "{280E5A42-3345-4823-B073-A2F68EFB2EE2}"
EndProject
Project("{2150E333-8FDC-42A3-9474-1A3956D46DE8}") = "Core", "Core", "{8D626EA8-CB54-BC41-363A-217881BEBA6E}"
EndProject
Project("{FAE04EC0-301F-11D3-BF4B-00C04F79EFBC}") = "backend.Core", "src\Core\backend.Core.csproj", "{52A78749-7CD5-4E33-9C2A-144E4FF63414}"
EndProject
Project("{FAE04EC0-301F-11D3-BF4B-00C04F79EFBC}") = "Adapter.MongoDB", "src\Adapter.MongoDB\Adapter.MongoDB.csproj", "{6432ABC3-B84C-4FEB-9983-49C7CFE05185}"
EndProject
Project("{2150E333-8FDC-42A3-9474-1A3956D46DE8}") = "tests", "tests", "{0AB3BF05-4346-4AA6-1389-037BE0695223}"
EndProject
Project("{FAE04EC0-301F-11D3-BF4B-00C04F79EFBC}") = "Adapter.MongoDB.Tests", "tests\Adapter.MongoDB.Tests\Adapter.MongoDB.Tests.csproj", "{7787A869-7A9E-4014-9D92-4DC3E3970196}"
EndProject
Project("{FAE04EC0-301F-11D3-BF4B-00C04F79EFBC}") = "Adapter.RestApi.Tests", "tests\Adapter.RestApi.Tests\Adapter.RestApi.Tests.csproj", "{63910D19-5ADE-4669-AB16-6733DAB9806F}"
EndProject
Project("{FAE04EC0-301F-11D3-BF4B-00C04F79EFBC}") = "backend.Core.Tests", "tests\Core.Tests\backend.Core.Tests.csproj", "{4571B64D-3506-43E5-A4E9-02BD6994A831}"
EndProject
Global
	GlobalSection(SolutionConfigurationPlatforms) = preSolution
		Debug|Any CPU = Debug|Any CPU
		Debug|x64 = Debug|x64
		Debug|x86 = Debug|x86
		Release|Any CPU = Release|Any CPU
		Release|x64 = Release|x64
		Release|x86 = Release|x86
	EndGlobalSection
	GlobalSection(ProjectConfigurationPlatforms) = postSolution
		{280E5A42-3345-4823-B073-A2F68EFB2EE2}.Debug|Any CPU.ActiveCfg = Debug|Any CPU
		{280E5A42-3345-4823-B073-A2F68EFB2EE2}.Debug|Any CPU.Build.0 = Debug|Any CPU
		{280E5A42-3345-4823-B073-A2F68EFB2EE2}.Debug|x64.ActiveCfg = Debug|Any CPU
		{280E5A42-3345-4823-B073-A2F68EFB2EE2}.Debug|x64.Build.0 = Debug|Any CPU
		{280E5A42-3345-4823-B073-A2F68EFB2EE2}.Debug|x86.ActiveCfg = Debug|Any CPU
		{280E5A42-3345-4823-B073-A2F68EFB2EE2}.Debug|x86.Build.0 = Debug|Any CPU
		{280E5A42-3345-4823-B073-A2F68EFB2EE2}.Release|Any CPU.ActiveCfg = Release|Any CPU
		{280E5A42-3345-4823-B073-A2F68EFB2EE2}.Release|Any CPU.Build.0 = Release|Any CPU
		{280E5A42-3345-4823-B073-A2F68EFB2EE2}.Release|x64.ActiveCfg = Release|Any CPU
		{280E5A42-3345-4823-B073-A2F68EFB2EE2}.Release|x64.Build.0 = Release|Any CPU
		{280E5A42-3345-4823-B073-A2F68EFB2EE2}.Release|x86.ActiveCfg = Release|Any CPU
		{280E5A42-3345-4823-B073-A2F68EFB2EE2}.Release|x86.Build.0 = Release|Any CPU
		{52A78749-7CD5-4E33-9C2A-144E4FF63414}.Debug|Any CPU.ActiveCfg = Debug|Any CPU
		{52A78749-7CD5-4E33-9C2A-144E4FF63414}.Debug|Any CPU.Build.0 = Debug|Any CPU
		{52A78749-7CD5-4E33-9C2A-144E4FF63414}.Debug|x64.ActiveCfg = Debug|Any CPU
		{52A78749-7CD5-4E33-9C2A-144E4FF63414}.Debug|x64.Build.0 = Debug|Any CPU
		{52A78749-7CD5-4E33-9C2A-144E4FF63414}.Debug|x86.ActiveCfg = Debug|Any CPU
		{52A78749-7CD5-4E33-9C2A-144E4FF63414}.Debug|x86.Build.0 = Debug|Any CPU
		{52A78749-7CD5-4E33-9C2A-144E4FF63414}.Release|Any CPU.ActiveCfg = Release|Any CPU
		{52A78749-7CD5-4E33-9C2A-144E4FF63414}.Release|Any CPU.Build.0 = Release|Any CPU
		{52A78749-7CD5-4E33-9C2A-144E4FF63414}.Release|x64.ActiveCfg = Release|Any CPU
		{52A78749-7CD5-4E33-9C2A-144E4FF63414}.Release|x64.Build.0 = Release|Any CPU
		{52A78749-7CD5-4E33-9C2A-144E4FF63414}.Release|x86.ActiveCfg = Release|Any CPU
		{52A78749-7CD5-4E33-9C2A-144E4FF63414}.Release|x86.Build.0 = Release|Any CPU
		{6432ABC3-B84C-4FEB-9983-49C7CFE05185}.Debug|Any CPU.ActiveCfg = Debug|Any CPU
		{6432ABC3-B84C-4FEB-9983-49C7CFE05185}.Debug|Any CPU.Build.0 = Debug|Any CPU
		{6432ABC3-B84C-4FEB-9983-49C7CFE05185}.Debug|x64.ActiveCfg = Debug|Any CPU
		{6432ABC3-B84C-4FEB-9983-49C7CFE05185}.Debug|x64.Build.0 = Debug|Any CPU
		{6432ABC3-B84C-4FEB-9983-49C7CFE05185}.Debug|x86.ActiveCfg = Debug|Any CPU
		{6432ABC3-B84C-4FEB-9983-49C7CFE05185}.Debug|x86.Build.0 = Debug|Any CPU
		{6432ABC3-B84C-4FEB-9983-49C7CFE05185}.Release|Any CPU.ActiveCfg = Release|Any CPU
		{6432ABC3-B84C-4FEB-9983-49C7CFE05185}.Release|Any CPU.Build.0 = Release|Any CPU
		{6432ABC3-B84C-4FEB-9983-49C7CFE05185}.Release|x64.ActiveCfg = Release|Any CPU
		{6432ABC3-B84C-4FEB-9983-49C7CFE05185}.Release|x64.Build.0 = Release|Any CPU
		{6432ABC3-B84C-4FEB-9983-49C7CFE05185}.Release|x86.ActiveCfg = Release|Any CPU
		{6432ABC3-B84C-4FEB-9983-49C7CFE05185}.Release|x86.Build.0 = Release|Any CPU
		{7787A869-7A9E-4014-9D92-4DC3E3970196}.Debug|Any CPU.ActiveCfg = Debug|Any CPU
		{7787A869-7A9E-4014-9D92-4DC3E3970196}.Debug|Any CPU.Build.0 = Debug|Any CPU
		{7787A869-7A9E-4014-9D92-4DC3E3970196}.Debug|x64.ActiveCfg = Debug|Any CPU
		{7787A869-7A9E-4014-9D92-4DC3E3970196}.Debug|x64.Build.0 = Debug|Any CPU
		{7787A869-7A9E-4014-9D92-4DC3E3970196}.Debug|x86.ActiveCfg = Debug|Any CPU
		{7787A869-7A9E-4014-9D92-4DC3E3970196}.Debug|x86.Build.0 = Debug|Any CPU
		{7787A869-7A9E-4014-9D92-4DC3E3970196}.Release|Any CPU.ActiveCfg = Release|Any CPU
		{7787A869-7A9E-4014-9D92-4DC3E3970196}.Release|Any CPU.Build.0 = Release|Any CPU
		{7787A869-7A9E-4014-9D92-4DC3E3970196}.Release|x64.ActiveCfg = Release|Any CPU
		{7787A869-7A9E-4014-9D92-4DC3E3970196}.Release|x64.Build.0 = Release|Any CPU
		{7787A869-7A9E-4014-9D92-4DC3E3970196}.Release|x86.ActiveCfg = Release|Any CPU
		{7787A869-7A9E-4014-9D92-4DC3E3970196}.Release|x86.Build.0 = Release|Any CPU
		{63910D19-5ADE-4669-AB16-6733DAB9806F}.Debug|Any CPU.ActiveCfg = Debug|Any CPU
		{63910D19-5ADE-4669-AB16-6733DAB9806F}.Debug|Any CPU.Build.0 = Debug|Any CPU
		{63910D19-5ADE-4669-AB16-6733DAB9806F}.Debug|x64.ActiveCfg = Debug|Any CPU
		{63910D19-5ADE-4669-AB16-6733DAB9806F}.Debug|x64.Build.0 = Debug|Any CPU
		{63910D19-5ADE-4669-AB16-6733DAB9806F}.Debug|x86.ActiveCfg = Debug|Any CPU
		{63910D19-5ADE-4669-AB16-6733DAB9806F}.Debug|x86.Build.0 = Debug|Any CPU
		{63910D19-5ADE-4669-AB16-6733DAB9806F}.Release|Any CPU.ActiveCfg = Release|Any CPU
		{63910D19-5ADE-4669-AB16-6733DAB9806F}.Release|Any CPU.Build.0 = Release|Any CPU
		{63910D19-5ADE-4669-AB16-6733DAB9806F}.Release|x64.ActiveCfg = Release|Any CPU
		{63910D19-5ADE-4669-AB16-6733DAB9806F}.Release|x64.Build.0 = Release|Any CPU
		{63910D19-5ADE-4669-AB16-6733DAB9806F}.Release|x86.ActiveCfg = Release|Any CPU
		{63910D19-5ADE-4669-AB16-6733DAB9806F}.Release|x86.Build.0 = Release|Any CPU
		{4571B64D-3506-43E5-A4E9-02BD6994A831}.Debug|Any CPU.ActiveCfg = Debug|Any CPU
		{4571B64D-3506-43E5-A4E9-02BD6994A831}.Debug|Any CPU.Build.0 = Debug|Any CPU
		{4571B64D-3506-43E5-A4E9-02BD6994A831}.Debug|x64.ActiveCfg = Debug|Any CPU
		{4571B64D-3506-43E5-A4E9-02BD6994A831}.Debug|x64.Build.0 = Debug|Any CPU
		{4571B64D-3506-43E5-A4E9-02BD6994A831}.Debug|x86.ActiveCfg = Debug|Any CPU
		{4571B64D-3506-43E5-A4E9-02BD6994A831}.Debug|x86.Build.0 = Debug|Any CPU
		{4571B64D-3506-43E5-A4E9-02BD6994A831}.Release|Any CPU.ActiveCfg = Release|Any CPU
		{4571B64D-3506-43E5-A4E9-02BD6994A831}.Release|Any CPU.Build.0 = Release|Any CPU
		{4571B64D-3506-43E5-A4E9-02BD6994A831}.Release|x64.ActiveCfg = Release|Any CPU
		{4571B64D-3506-43E5-A4E9-02BD6994A831}.Release|x64.Build.0 = Release|Any CPU
		{4571B64D-3506-43E5-A4E9-02BD6994A831}.Release|x86.ActiveCfg = Release|Any CPU
		{4571B64D-3506-43E5-A4E9-02BD6994A831}.Release|x86.Build.0 = Release|Any CPU
	EndGlobalSection
	GlobalSection(SolutionProperties) = preSolution
		HideSolutionNode = FALSE
	EndGlobalSection
	GlobalSection(NestedProjects) = preSolution
		{280E5A42-3345-4823-B073-A2F68EFB2EE2} = {827E0CD3-B72D-47B6-A68D-7590B98EB39B}
		{8D626EA8-CB54-BC41-363A-217881BEBA6E} = {827E0CD3-B72D-47B6-A68D-7590B98EB39B}
		{52A78749-7CD5-4E33-9C2A-144E4FF63414} = {8D626EA8-CB54-BC41-363A-217881BEBA6E}
		{6432ABC3-B84C-4FEB-9983-49C7CFE05185} = {827E0CD3-B72D-47B6-A68D-7590B98EB39B}
		{7787A869-7A9E-4014-9D92-4DC3E3970196} = {0AB3BF05-4346-4AA6-1389-037BE0695223}
		{63910D19-5ADE-4669-AB16-6733DAB9806F} = {0AB3BF05-4346-4AA6-1389-037BE0695223}
		{4571B64D-3506-43E5-A4E9-02BD6994A831} = {0AB3BF05-4346-4AA6-1389-037BE0695223}
	EndGlobalSection
EndGlobal
